<?xml version="1.0" encoding="utf-8"?>
<Project ToolsVersion="4.0" xmlns="http://schemas.microsoft.com/developer/msbuild/2003">
  <ItemGroup>
    <Filter Include="Source Files">
      <UniqueIdentifier>{4FC737F1-C7A5-4376-A066-2A32D752A2FF}</UniqueIdentifier>
      <Extensions>cpp;c;cc;cxx;c++;cppm;ixx;def;odl;idl;hpj;bat;asm;asmx</Extensions>
    </Filter>
    <Filter Include="ImGuizmo">
      <UniqueIdentifier>{40cebe37-6c26-4ae9-8182-bb71e8fab3f6}</UniqueIdentifier>
    </Filter>
    <Filter Include="imnodes">
      <UniqueIdentifier>{3e32ec27-4e61-4213-885b-ec5357c9a7e7}</UniqueIdentifier>
    </Filter>
    <Filter Include="Source Files\NodesGraph">
      <UniqueIdentifier>{178bc2e5-42d7-433d-9257-4ad159d07b98}</UniqueIdentifier>
    </Filter>
    <Filter Include="Source Files\NodesGraph\Nodes">
      <UniqueIdentifier>{083b898c-799b-4167-9704-61bb5457519c}</UniqueIdentifier>
    </Filter>
    <Filter Include="Source Files\Editor">
      <UniqueIdentifier>{a1b2c3d4-e5f6-7890-abcd-ef1234567890}</UniqueIdentifier>
    </Filter>
    <Filter Include="Source Files\Panels">
      <UniqueIdentifier>{b2c3d4e5-f6a7-8901-bcde-f12345678901}</UniqueIdentifier>
    </Filter>
    <Filter Include="Source Files\Panels\Viewport">
      <UniqueIdentifier>{5b7d1fdb-adf3-44d8-bddc-7269b74ca9d0}</UniqueIdentifier>
    </Filter>
  </ItemGroup>
  <ItemGroup>
    <None Include="packages.config" />
  </ItemGroup>
  <ItemGroup>
    <ClCompile Include="source\main.cpp">
      <Filter>Source Files</Filter>
    </ClCompile>
    <ClCompile Include="source\Editor\Editor.cpp">
      <Filter>Source Files\Editor</Filter>
    </ClCompile>
    <ClCompile Include="source\Panels\AssetBrowserPanel.cpp">
      <Filter>Source Files\Panels</Filter>
    </ClCompile>
    <ClCompile Include="source\Panels\LogPanel.cpp">
      <Filter>Source Files\Panels</Filter>
    </ClCompile>
    <ClCompile Include="source\Panels\SceneTreePanel.cpp">
      <Filter>Source Files\Panels</Filter>
    </ClCompile>
    <ClCompile Include="source\Panels\SidePanel.cpp">
      <Filter>Source Files\Panels</Filter>
    </ClCompile>
    <ClCompile Include="source\Panels\TerrainShaderGraphPanel.cpp">
      <Filter>Source Files\Panels</Filter>
    </ClCompile>
    <ClCompile Include="source\Editor\EditorSelection.cpp">
      <Filter>Source Files\Editor</Filter>
    </ClCompile>
    <ClCompile Include="..\dependencies\ImGuizmo\ImGuizmo.cpp">
      <Filter>ImGuizmo</Filter>
    </ClCompile>
    <ClCompile Include="..\dependencies\imnodes\imnodes.cpp">
      <Filter>imnodes</Filter>
    </ClCompile>
    <ClCompile Include="source\Panels\Viewport\SelectionTool.cpp">
      <Filter>Source Files\Panels\Viewport</Filter>
    </ClCompile>
    <ClCompile Include="source\Panels\Viewport\ViewportPanel.cpp">
      <Filter>Source Files\Panels\Viewport</Filter>
    </ClCompile>
    <ClCompile Include="source\Panels\WaterPaintTool.cpp">
      <Filter>Source Files\Panels</Filter>
    </ClCompile>
  </ItemGroup>
  <ItemGroup>
    <ClInclude Include="source\Editor\Editor.h">
      <Filter>Source Files\Editor</Filter>
    </ClInclude>
    <ClInclude Include="source\Editor\DebugState.h">
      <Filter>Source Files\Editor</Filter>
    </ClInclude>
    <ClInclude Include="source\Editor\EditorSelection.h">
      <Filter>Source Files\Editor</Filter>
    </ClInclude>
    <ClInclude Include="source\Editor\ImguiPanelViewport.h">
      <Filter>Source Files\Editor</Filter>
    </ClInclude>
    <ClInclude Include="source\Panels\AssetBrowserPanel.h">
      <Filter>Source Files\Panels</Filter>
    </ClInclude>
    <ClInclude Include="source\Panels\LogPanel.h">
      <Filter>Source Files\Panels</Filter>
    </ClInclude>
    <ClInclude Include="source\Panels\SceneTreePanel.h">
      <Filter>Source Files\Panels</Filter>
    </ClInclude>
    <ClInclude Include="source\Panels\SidePanel.h">
      <Filter>Source Files\Panels</Filter>
    </ClInclude>
    <ClInclude Include="source\Panels\TerrainShaderGraphPanel.h">
      <Filter>Source Files\Panels</Filter>
    </ClInclude>
    <ClInclude Include="source\NodeGraph\Node.h">
      <Filter>Source Files\NodesGraph</Filter>
    </ClInclude>
    <ClInclude Include="..\dependencies\imnodes\imnodes.h">
      <Filter>imnodes</Filter>
    </ClInclude>
    <ClInclude Include="..\dependencies\imnodes\imnodes_internal.h">
      <Filter>imnodes</Filter>
    </ClInclude>
    <ClInclude Include="source\NodeGraph\NodeGraph.h">
      <Filter>Source Files\NodesGraph</Filter>
    </ClInclude>
    <ClInclude Include="source\NodeGraph\Nodes\ConstantNode.h">
      <Filter>Source Files\NodesGraph\Nodes</Filter>
    </ClInclude>
    <ClInclude Include="source\NodeGraph\Nodes\MathNodes.h">
      <Filter>Source Files\NodesGraph\Nodes</Filter>
    </ClInclude>
    <ClInclude Include="source\NodeGraph\Nodes\OutputNode.h">
      <Filter>Source Files\NodesGraph\Nodes</Filter>
    </ClInclude>
    <ClInclude Include="source\NodeGraph\Nodes\TextureNodes.h">
      <Filter>Source Files\NodesGraph\Nodes</Filter>
    </ClInclude>
    <ClInclude Include="source\NodeGraph\ShaderGen.h">
      <Filter>Source Files\NodesGraph</Filter>
    </ClInclude>
    <ClInclude Include="source\Panels\Viewport\SelectionTool.h">
      <Filter>Source Files\Panels\Viewport</Filter>
    </ClInclude>
    <ClInclude Include="source\Panels\Viewport\ViewportPanel.h">
      <Filter>Source Files\Panels\Viewport</Filter>
    </ClInclude>
    <ClInclude Include="source\Panels\Viewport\ViewportTool.h">
      <Filter>Source Files\Panels\Viewport</Filter>
    </ClInclude>
    <ClInclude Include="source\Panels\WaterPaintTool.h">
      <Filter>Source Files\Panels</Filter>
    </ClInclude>
  </ItemGroup>
</Project>