<?xml version="1.0" encoding="utf-8"?>
<Project ToolsVersion="4.0" xmlns="http://schemas.microsoft.com/developer/msbuild/2003">
  <ItemGroup>
    <Filter Include="Source Files">
      <UniqueIdentifier>{4FC737F1-C7A5-4376-A066-2A32D752A2FF}</UniqueIdentifier>
      <Extensions>cpp;c;cc;cxx;c++;cppm;ixx;def;odl;idl;hpj;bat;asm;asmx</Extensions>
    </Filter>
    </Filter>
    <Filter Include="Source Files\Physics">
      <UniqueIdentifier>{b3df8f1e-49e3-43f6-9e00-2339b2588561}</UniqueIdentifier>
    </Filter>
    <Filter Include="Source Files\Physics\Render">
      <UniqueIdentifier>{d16e82a9-6f5f-457d-a324-b42d938a01f2}</UniqueIdentifier>
    <Filter Include="Source Files\SceneGraph">
      <UniqueIdentifier>{aba07fc9-201e-4f7e-afec-9390a3f19904}</UniqueIdentifier>
    </Filter>
  </ItemGroup>
  <ItemGroup>
    <ClCompile Include="source\FreeCamera.cpp">
      <Filter>Source Files</Filter>
    </ClCompile>
    <ClCompile Include="source\InputHandler.cpp">
      <Filter>Source Files</Filter>
    </ClCompile>
    <ClCompile Include="source\ApplicationCore.cpp">
      <Filter>Source Files</Filter>
    </ClCompile>
    <ClCompile Include="source\SceneParser.cpp">
      <Filter>Source Files</Filter>
    </ClCompile>
    <ClCompile Include="source\Managers\EntityRenderManager.cpp">
      <Filter>Source Files\Managers</Filter>
    </ClCompile>
    <ClCompile Include="source\Physics\Render\PhysicsRenderer.cpp">
      <Filter>Source Files\Physics\Render</Filter>
    </ClCompile>
    <ClCompile Include="source\Physics\Render\PhysicsRenderTask.cpp">
      <Filter>Source Files\Physics\Render</Filter>
    </ClCompile>
    <ClCompile Include="source\Physics\PhysicsManager.cpp">
      <Filter>Source Files\Physics</Filter>
    </ClCompile>
    <ClCompile Include="source\Physics\TerrainPhysics.cpp">
      <Filter>Source Files\Physics</Filter>
    </ClCompile>
  </ItemGroup>
  <ItemGroup>
    <ClInclude Include="source\FreeCamera.h">
      <Filter>Source Files</Filter>
    </ClInclude>
    <ClInclude Include="source\InputHandler.h">
      <Filter>Source Files</Filter>
    </ClInclude>
    <ClInclude Include="source\ApplicationCore.h">
      <Filter>Source Files</Filter>
    </ClInclude>
    <ClInclude Include="source\SceneParser.h">
      <Filter>Source Files</Filter>
    </ClInclude>
    </ClInclude>
    <ClInclude Include="source\Physics\Render\HeightmapDebugMeshOptimizer.h">
      <Filter>Source Files\Physics\Render</Filter>
    </ClInclude>
    <ClInclude Include="source\Physics\Render\PhysicsRenderer.h">
      <Filter>Source Files\Physics\Render</Filter>
    </ClInclude>
    <ClInclude Include="source\Physics\Render\PhysicsRenderTask.h">
      <Filter>Source Files\Physics\Render</Filter>
    </ClInclude>
    <ClInclude Include="source\Physics\JoltHeader.h">
      <Filter>Source Files\Physics</Filter>
    </ClInclude>
    <ClInclude Include="source\Physics\PhysicsManager.h">
      <Filter>Source Files\Physics</Filter>
    </ClInclude>
    <ClInclude Include="source\Physics\TerrainPhysics.h">
      <Filter>Source Files\Physics</Filter>
    </ClInclude>
  </ItemGroup>
</Project>