<?xml version="1.0" encoding="utf-8"?>
<Project ToolsVersion="4.0" xmlns="http://schemas.microsoft.com/developer/msbuild/2003">
  <ItemGroup>
    <Filter Include="Source Files">
      <UniqueIdentifier>{4FC737F1-C7A5-4376-A066-2A32D752A2FF}</UniqueIdentifier>
      <Extensions>cpp;c;cc;cxx;def;odl;idl;hpj;bat;asm;asmx</Extensions>
    </Filter>
    <Filter Include="Source Files\App">
      <UniqueIdentifier>{f6ed5420-b1a1-44ed-a415-d00bb48663be}</UniqueIdentifier>
    </Filter>
    <Filter Include="Source Files\Utils">
      <UniqueIdentifier>{f743265e-3b5f-4a74-8167-7be61b17150c}</UniqueIdentifier>
    </Filter>
    <Filter Include="Source Files\Render">
      <UniqueIdentifier>{e35fea04-fa32-4bb9-84d0-cf2298b22539}</UniqueIdentifier>
    </Filter>
    <Filter Include="Source Files\Resources">
      <UniqueIdentifier>{0652f09e-2db8-4bd1-b908-a241b6d52230}</UniqueIdentifier>
    </Filter>
    <Filter Include="Source Files\Resources\Material">
      <UniqueIdentifier>{f6476cb8-1916-4d34-81b9-5813175b7c56}</UniqueIdentifier>
    </Filter>
    <Filter Include="Source Files\Resources\Model">
      <UniqueIdentifier>{7994dc92-769a-4966-a602-e80074cf9046}</UniqueIdentifier>
    </Filter>
    <Filter Include="Source Files\Resources\Shader">
      <UniqueIdentifier>{8cb99154-8f4e-42fd-bf9e-4d332780f547}</UniqueIdentifier>
    </Filter>
    <Filter Include="Source Files\Scene">
      <UniqueIdentifier>{500e5788-48d4-451f-b492-c9054d4b3a2b}</UniqueIdentifier>
    </Filter>
    <Filter Include="Source Files\imgui">
      <UniqueIdentifier>{57ccbdcc-fc11-418b-83a2-ca37b015051b}</UniqueIdentifier>
    </Filter>
    <Filter Include="Source Files\imgui\backend">
      <UniqueIdentifier>{b1c8f387-1969-4e79-a413-76f0eb9eb3da}</UniqueIdentifier>
    </Filter>
    <Filter Include="Source Files\Resources\Compute">
      <UniqueIdentifier>{ecc0eef3-6e42-45d2-8b9e-39514e6612c4}</UniqueIdentifier>
    </Filter>
    <Filter Include="Source Files\RenderObject">
      <UniqueIdentifier>{ccfb0542-e308-49c0-b3ff-0affd6bc1c66}</UniqueIdentifier>
    </Filter>
    <Filter Include="Source Files\FrameCompositor">
      <UniqueIdentifier>{6af66a8c-48b8-4fd6-9718-1d4722af9c53}</UniqueIdentifier>
    </Filter>
    <Filter Include="Source Files\FrameCompositor\Tasks">
      <UniqueIdentifier>{fd0882c9-9d4b-4a12-9a1c-ea1addcda019}</UniqueIdentifier>
    </Filter>
  </ItemGroup>
  <ItemGroup>
    <ClCompile Include="source\main.cpp">
      <Filter>Source Files</Filter>
    </ClCompile>
    <ClCompile Include="source\AaApplication.cpp">
      <Filter>Source Files\App</Filter>
    </ClCompile>
    <ClCompile Include="source\AaWindow.cpp">
      <Filter>Source Files\App</Filter>
    </ClCompile>
    <ClCompile Include="source\InputHandler.cpp">
      <Filter>Source Files\App</Filter>
    </ClCompile>
    <ClCompile Include="source\MyListener.cpp">
      <Filter>Source Files\App</Filter>
    </ClCompile>
    <ClCompile Include="source\AaRenderSystem.cpp">
      <Filter>Source Files\Render</Filter>
    </ClCompile>
    <ClCompile Include="source\RenderTargetTexture.cpp">
      <Filter>Source Files\Render</Filter>
    </ClCompile>
    <ClCompile Include="source\AaMaterial.cpp">
      <Filter>Source Files\Resources\Material</Filter>
    </ClCompile>
    <ClCompile Include="source\AaMaterialFileParser.cpp">
      <Filter>Source Files\Resources\Material</Filter>
    </ClCompile>
    <ClCompile Include="source\AaMaterialResources.cpp">
      <Filter>Source Files\Resources\Material</Filter>
    </ClCompile>
    <ClCompile Include="source\AaTextureResources.cpp">
      <Filter>Source Files\Resources\Material</Filter>
    </ClCompile>
    <ClCompile Include="source\AaModel.cpp">
      <Filter>Source Files\Resources\Model</Filter>
    </ClCompile>
    <ClCompile Include="source\AaModelResources.cpp">
      <Filter>Source Files\Resources\Model</Filter>
    </ClCompile>
    <ClCompile Include="source\OgreMeshFileParser.cpp">
      <Filter>Source Files\Resources\Model</Filter>
    </ClCompile>
    <ClCompile Include="source\AaShaderCompiler.cpp">
      <Filter>Source Files\Resources\Shader</Filter>
    </ClCompile>
    <ClCompile Include="source\AaShaderFileParser.cpp">
      <Filter>Source Files\Resources\Shader</Filter>
    </ClCompile>
    <ClCompile Include="source\AaShaderLibrary.cpp">
      <Filter>Source Files\Resources\Shader</Filter>
    </ClCompile>
    <ClCompile Include="source\ResourcesManager.cpp">
      <Filter>Source Files\Resources</Filter>
    </ClCompile>
    <ClCompile Include="source\AaCamera.cpp">
      <Filter>Source Files\Scene</Filter>
    </ClCompile>
    <ClCompile Include="source\AaEntity.cpp">
      <Filter>Source Files\Scene</Filter>
    </ClCompile>
    <ClCompile Include="source\FreeCamera.cpp">
      <Filter>Source Files\Scene</Filter>
    </ClCompile>
    <ClCompile Include="source\SceneParser.cpp">
      <Filter>Source Files\Scene</Filter>
    </ClCompile>
    <ClCompile Include="source\ConfigParser.cpp">
      <Filter>Source Files\Utils</Filter>
    </ClCompile>
    <ClCompile Include="source\AaSceneManager.cpp">
      <Filter>Source Files\Scene</Filter>
    </ClCompile>
    <ClCompile Include="source\AaRenderables.cpp">
      <Filter>Source Files\Scene</Filter>
    </ClCompile>
    <ClCompile Include="source\ShadowMap.cpp">
      <Filter>Source Files\Render</Filter>
    </ClCompile>
    <ClCompile Include="..\dependencies\imgui\imgui.cpp">
      <Filter>Source Files\imgui</Filter>
    </ClCompile>
    <ClCompile Include="..\dependencies\imgui\imgui_draw.cpp">
      <Filter>Source Files\imgui</Filter>
    </ClCompile>
    <ClCompile Include="..\dependencies\imgui\imgui_tables.cpp">
      <Filter>Source Files\imgui</Filter>
    </ClCompile>
    <ClCompile Include="..\dependencies\imgui\imgui_widgets.cpp">
      <Filter>Source Files\imgui</Filter>
    </ClCompile>
    <ClCompile Include="..\dependencies\imgui\backends\imgui_impl_dx12.cpp">
      <Filter>Source Files\imgui\backend</Filter>
    </ClCompile>
    <ClCompile Include="..\dependencies\imgui\backends\imgui_impl_win32.cpp">
      <Filter>Source Files\imgui\backend</Filter>
    </ClCompile>
    <ClCompile Include="source\DebugWindow.cpp">
      <Filter>Source Files\App</Filter>
    </ClCompile>
    <ClCompile Include="source\FrameCompositor.cpp">
      <Filter>Source Files\FrameCompositor</Filter>
    </ClCompile>
    <ClCompile Include="source\CompositorFileParser.cpp">
      <Filter>Source Files\FrameCompositor</Filter>
    </ClCompile>
    <ClCompile Include="source\RenderQueue.cpp">
      <Filter>Source Files\Scene</Filter>
    </ClCompile>
    <ClCompile Include="source\ShaderConstantBuffers.cpp">
      <Filter>Source Files\Resources\Shader</Filter>
    </ClCompile>
    <ClCompile Include="source\EntityInstancing.cpp">
      <Filter>Source Files\Scene</Filter>
    </ClCompile>
    <ClCompile Include="source\FrameCompositorTaskBuild.cpp">
      <Filter>Source Files\FrameCompositor</Filter>
    </ClCompile>
    <ClCompile Include="source\BinaryModelLoader.cpp">
      <Filter>Source Files\Resources\Model</Filter>
    </ClCompile>
    <ClCompile Include="source\BinaryModelSerialization.cpp">
      <Filter>Source Files\Resources\Model</Filter>
    </ClCompile>
    <ClCompile Include="source\TextureResource.cpp">
      <Filter>Source Files\Render</Filter>
    </ClCompile>
    <ClCompile Include="source\ShaderSignature.cpp">
      <Filter>Source Files\Resources\Shader</Filter>
    </ClCompile>
    <ClCompile Include="source\ComputeShader.cpp">
      <Filter>Source Files\Resources\Compute</Filter>
    </ClCompile>
    <ClCompile Include="source\GenerateMipsComputeShader.cpp">
      <Filter>Source Files\Resources\Compute</Filter>
    </ClCompile>
    <ClCompile Include="source\GrassArea.cpp">
      <Filter>Source Files\RenderObject</Filter>
    </ClCompile>
    <ClCompile Include="source\EntityGeometry.cpp">
      <Filter>Source Files\Scene</Filter>
    </ClCompile>
    <ClCompile Include="source\ShaderConstantsProvider.cpp">
      <Filter>Source Files\Resources\Shader</Filter>
    </ClCompile>
    <ClCompile Include="source\DebugOverlayTask.cpp">
      <Filter>Source Files\FrameCompositor\Tasks</Filter>
    </ClCompile>
    <ClCompile Include="source\SceneRenderTask.cpp">
      <Filter>Source Files\FrameCompositor\Tasks</Filter>
    </ClCompile>
    <ClCompile Include="source\ShadowsRenderTask.cpp">
      <Filter>Source Files\FrameCompositor\Tasks</Filter>
    </ClCompile>
    <ClCompile Include="source\VoxelizeSceneTask.cpp">
      <Filter>Source Files\FrameCompositor\Tasks</Filter>
    </ClCompile>
    <ClCompile Include="source\ScreenQuad.cpp">
      <Filter>Source Files\Render</Filter>
    </ClCompile>
    <ClCompile Include="source\SceneTestTask.cpp">
      <Filter>Source Files\FrameCompositor\Tasks</Filter>
    </ClCompile>
    <ClCompile Include="source\AaMath.cpp">
      <Filter>Source Files\Utils</Filter>
    </ClCompile>
    <ClCompile Include="source\ImguiDebugWindowTask.cpp">
      <Filter>Source Files\FrameCompositor\Tasks</Filter>
    </ClCompile>
    <ClCompile Include="source\TextureData.cpp">
      <Filter>Source Files\Render</Filter>
    </ClCompile>
    <ClCompile Include="source\GrassInitComputeShader.cpp">
      <Filter>Source Files\Resources\Compute</Filter>
    </ClCompile>
  </ItemGroup>
  <ItemGroup>
    <ClInclude Include="source\AaApplication.h">
      <Filter>Source Files\App</Filter>
    </ClInclude>
    <ClInclude Include="source\AaFrameListener.h">
      <Filter>Source Files\App</Filter>
    </ClInclude>
    <ClInclude Include="source\AaWindow.h">
      <Filter>Source Files\App</Filter>
    </ClInclude>
    <ClInclude Include="source\Directories.h">
      <Filter>Source Files\App</Filter>
    </ClInclude>
    <ClInclude Include="source\InputHandler.h">
      <Filter>Source Files\App</Filter>
    </ClInclude>
    <ClInclude Include="source\MyListener.h">
      <Filter>Source Files\App</Filter>
    </ClInclude>
    <ClInclude Include="source\AaRenderSystem.h">
      <Filter>Source Files\Render</Filter>
    </ClInclude>
    <ClInclude Include="source\RenderTargetTexture.h">
      <Filter>Source Files\Render</Filter>
    </ClInclude>
    <ClInclude Include="source\AaMaterial.h">
      <Filter>Source Files\Resources\Material</Filter>
    </ClInclude>
    <ClInclude Include="source\AaMaterialFileParser.h">
      <Filter>Source Files\Resources\Material</Filter>
    </ClInclude>
    <ClInclude Include="source\AaMaterialResources.h">
      <Filter>Source Files\Resources\Material</Filter>
    </ClInclude>
    <ClInclude Include="source\AaTextureResources.h">
      <Filter>Source Files\Resources\Material</Filter>
    </ClInclude>
    <ClInclude Include="source\AaModel.h">
      <Filter>Source Files\Resources\Model</Filter>
    </ClInclude>
    <ClInclude Include="source\AaModelResources.h">
      <Filter>Source Files\Resources\Model</Filter>
    </ClInclude>
    <ClInclude Include="source\OgreMeshFileParser.h">
      <Filter>Source Files\Resources\Model</Filter>
    </ClInclude>
    <ClInclude Include="source\AaShaderCompiler.h">
      <Filter>Source Files\Resources\Shader</Filter>
    </ClInclude>
    <ClInclude Include="source\AaShaderFileParser.h">
      <Filter>Source Files\Resources\Shader</Filter>
    </ClInclude>
    <ClInclude Include="source\AaShaderLibrary.h">
      <Filter>Source Files\Resources\Shader</Filter>
    </ClInclude>
    <ClInclude Include="source\ResourcesManager.h">
      <Filter>Source Files\Resources</Filter>
    </ClInclude>
    <ClInclude Include="source\AaCamera.h">
      <Filter>Source Files\Scene</Filter>
    </ClInclude>
    <ClInclude Include="source\AaEntity.h">
      <Filter>Source Files\Scene</Filter>
    </ClInclude>
    <ClInclude Include="source\AaSceneManager.h">
      <Filter>Source Files\Scene</Filter>
    </ClInclude>
    <ClInclude Include="source\FreeCamera.h">
      <Filter>Source Files\Scene</Filter>
    </ClInclude>
    <ClInclude Include="source\SceneParser.h">
      <Filter>Source Files\Scene</Filter>
    </ClInclude>
    <ClInclude Include="source\AaLogger.h">
      <Filter>Source Files\Utils</Filter>
    </ClInclude>
    <ClInclude Include="source\ConfigParser.h">
      <Filter>Source Files\Utils</Filter>
    </ClInclude>
    <ClInclude Include="source\Directx.h">
      <Filter>Source Files\Utils</Filter>
    </ClInclude>
    <ClInclude Include="source\AaMath.h">
      <Filter>Source Files\Utils</Filter>
    </ClInclude>
    <ClInclude Include="source\AaRenderables.h">
      <Filter>Source Files\Scene</Filter>
    </ClInclude>
    <ClInclude Include="source\SceneLights.h">
      <Filter>Source Files\Scene</Filter>
    </ClInclude>
    <ClInclude Include="source\ShadowMap.h">
      <Filter>Source Files\Render</Filter>
    </ClInclude>
    <ClInclude Include="..\dependencies\imgui\imgui.h">
      <Filter>Source Files\imgui</Filter>
    </ClInclude>
    <ClInclude Include="..\dependencies\imgui\backends\imgui_impl_dx12.h">
      <Filter>Source Files\imgui\backend</Filter>
    </ClInclude>
    <ClInclude Include="..\dependencies\imgui\backends\imgui_impl_win32.h">
      <Filter>Source Files\imgui\backend</Filter>
    </ClInclude>
    <ClInclude Include="source\DebugWindow.h">
      <Filter>Source Files\App</Filter>
    </ClInclude>
    <ClInclude Include="source\FrameCompositor.h">
      <Filter>Source Files\FrameCompositor</Filter>
    </ClInclude>
    <ClInclude Include="source\CompositorFileParser.h">
      <Filter>Source Files\FrameCompositor</Filter>
    </ClInclude>
    <ClInclude Include="source\RenderContext.h">
      <Filter>Source Files\FrameCompositor</Filter>
    </ClInclude>
    <ClInclude Include="source\RenderQueue.h">
      <Filter>Source Files\Scene</Filter>
    </ClInclude>
    <ClInclude Include="source\ShaderConstantBuffers.h">
      <Filter>Source Files\Resources\Shader</Filter>
    </ClInclude>
    <ClInclude Include="source\EntityInstancing.h">
      <Filter>Source Files\Scene</Filter>
    </ClInclude>
    <ClInclude Include="source\BinaryModelLoader.h">
      <Filter>Source Files\Resources\Model</Filter>
    </ClInclude>
    <ClInclude Include="source\BinaryModelSerialization.h">
      <Filter>Source Files\Resources\Model</Filter>
    </ClInclude>
    <ClInclude Include="source\ModelParseOptions.h">
      <Filter>Source Files\Resources\Model</Filter>
    </ClInclude>
    <ClInclude Include="source\TextureResource.h">
      <Filter>Source Files\Render</Filter>
    </ClInclude>
    <ClInclude Include="source\ShaderResources.h">
      <Filter>Source Files\Resources\Shader</Filter>
    </ClInclude>
    <ClInclude Include="source\ShaderSignature.h">
      <Filter>Source Files\Resources\Shader</Filter>
    </ClInclude>
    <ClInclude Include="source\ShaderConstantsProvider.h">
      <Filter>Source Files\Resources\Shader</Filter>
    </ClInclude>
    <ClInclude Include="source\GenerateMipsComputeShader.h">
      <Filter>Source Files\Resources\Compute</Filter>
    </ClInclude>
    <ClInclude Include="source\ComputeShader.h">
      <Filter>Source Files\Resources\Compute</Filter>
    </ClInclude>
    <ClInclude Include="source\GrassArea.h">
      <Filter>Source Files\RenderObject</Filter>
    </ClInclude>
    <ClInclude Include="source\EntityGeometry.h">
      <Filter>Source Files\Scene</Filter>
    </ClInclude>
    <ClInclude Include="source\DebugOverlayTask.h">
      <Filter>Source Files\FrameCompositor\Tasks</Filter>
    </ClInclude>
    <ClInclude Include="source\SceneRenderTask.h">
      <Filter>Source Files\FrameCompositor\Tasks</Filter>
    </ClInclude>
    <ClInclude Include="source\ShadowsRenderTask.h">
      <Filter>Source Files\FrameCompositor\Tasks</Filter>
    </ClInclude>
    <ClInclude Include="source\VoxelizeSceneTask.h">
      <Filter>Source Files\FrameCompositor\Tasks</Filter>
    </ClInclude>
    <ClInclude Include="source\ScreenQuad.h">
      <Filter>Source Files\Render</Filter>
    </ClInclude>
    <ClInclude Include="source\SceneTestTask.h">
      <Filter>Source Files\FrameCompositor\Tasks</Filter>
    </ClInclude>
    <ClInclude Include="source\CompositorTask.h">
      <Filter>Source Files\FrameCompositor\Tasks</Filter>
    </ClInclude>
    <ClInclude Include="source\ImguiDebugWindowTask.h">
      <Filter>Source Files\FrameCompositor\Tasks</Filter>
    </ClInclude>
    <ClInclude Include="source\TextureData.h">
      <Filter>Source Files\Render</Filter>
    </ClInclude>
    <ClInclude Include="source\GrassInitComputeShader.h">
      <Filter>Source Files\Resources\Compute</Filter>
    </ClInclude>
  </ItemGroup>
</Project>