<?xml version="1.0" encoding="utf-8"?>
<Project ToolsVersion="4.0" xmlns="http://schemas.microsoft.com/developer/msbuild/2003">
  <ItemGroup>
    <Filter Include="Source Files">
      <UniqueIdentifier>{4FC737F1-C7A5-4376-A066-2A32D752A2FF}</UniqueIdentifier>
      <Extensions>cpp;c;cc;cxx;def;odl;idl;hpj;bat;asm;asmx</Extensions>
    </Filter>
    <Filter Include="Source Files\App">
      <UniqueIdentifier>{f6ed5420-b1a1-44ed-a415-d00bb48663be}</UniqueIdentifier>
    </Filter>
    <Filter Include="Source Files\Utils">
      <UniqueIdentifier>{f743265e-3b5f-4a74-8167-7be61b17150c}</UniqueIdentifier>
    </Filter>
    <Filter Include="Source Files\Resources">
      <UniqueIdentifier>{0652f09e-2db8-4bd1-b908-a241b6d52230}</UniqueIdentifier>
    </Filter>
    <Filter Include="Source Files\Resources\Material">
      <UniqueIdentifier>{f6476cb8-1916-4d34-81b9-5813175b7c56}</UniqueIdentifier>
    </Filter>
    <Filter Include="Source Files\Resources\Model">
      <UniqueIdentifier>{7994dc92-769a-4966-a602-e80074cf9046}</UniqueIdentifier>
    </Filter>
    <Filter Include="Source Files\Resources\Shader">
      <UniqueIdentifier>{8cb99154-8f4e-42fd-bf9e-4d332780f547}</UniqueIdentifier>
    </Filter>
    <Filter Include="Source Files\Scene">
      <UniqueIdentifier>{500e5788-48d4-451f-b492-c9054d4b3a2b}</UniqueIdentifier>
    </Filter>
    <Filter Include="Source Files\imgui">
      <UniqueIdentifier>{57ccbdcc-fc11-418b-83a2-ca37b015051b}</UniqueIdentifier>
    </Filter>
    <Filter Include="Source Files\imgui\backend">
      <UniqueIdentifier>{b1c8f387-1969-4e79-a413-76f0eb9eb3da}</UniqueIdentifier>
    </Filter>
    <Filter Include="Source Files\Resources\Compute">
      <UniqueIdentifier>{ecc0eef3-6e42-45d2-8b9e-39514e6612c4}</UniqueIdentifier>
    </Filter>
    <Filter Include="Source Files\RenderObject">
      <UniqueIdentifier>{ccfb0542-e308-49c0-b3ff-0affd6bc1c66}</UniqueIdentifier>
    </Filter>
    <Filter Include="Source Files\FrameCompositor">
      <UniqueIdentifier>{6af66a8c-48b8-4fd6-9718-1d4722af9c53}</UniqueIdentifier>
    </Filter>
    <Filter Include="Source Files\FrameCompositor\Tasks">
      <UniqueIdentifier>{fd0882c9-9d4b-4a12-9a1c-ea1addcda019}</UniqueIdentifier>
    </Filter>
    <Filter Include="Source Files\Editor">
      <UniqueIdentifier>{6d99c7de-7145-41f3-9647-d81f99b60c31}</UniqueIdentifier>
    </Filter>
    <Filter Include="Source Files\Resources\Textures">
      <UniqueIdentifier>{0e4b961a-a3dd-4b9a-8f2e-fe85ba608ebf}</UniqueIdentifier>
    </Filter>
    <Filter Include="Source Files\RenderObject\Vegetation">
      <UniqueIdentifier>{730c7ab0-11a4-45a5-85db-0d2528dbd114}</UniqueIdentifier>
    </Filter>
    <Filter Include="Source Files\RenderObject\WaterSim">
      <UniqueIdentifier>{832d1661-7866-4045-a4e8-38c791a955b8}</UniqueIdentifier>
    </Filter>
    <Filter Include="Source Files\RenderCore">
      <UniqueIdentifier>{e35fea04-fa32-4bb9-84d0-cf2298b22539}</UniqueIdentifier>
    </Filter>
    <Filter Include="Source Files\RenderObject\Terrain">
      <UniqueIdentifier>{727402fa-5524-440f-a723-0047ab5b9c37}</UniqueIdentifier>
    </Filter>
    <Filter Include="Source Files\RenderObject\Prefab">
      <UniqueIdentifier>{57ce8cca-12f8-47b9-9f7e-0a387e025711}</UniqueIdentifier>
    </Filter>
    <Filter Include="Source Files\RenderObject\Sky">
      <UniqueIdentifier>{c3d4e5f6-a7b8-9012-cdef-234567890123}</UniqueIdentifier>
    </Filter>
    <Filter Include="Source Files\RenderCore\VCT">
      <UniqueIdentifier>{a1b2c3d4-e5f6-7890-abcd-ef1234567890}</UniqueIdentifier>
    </Filter>
    <Filter Include="Source Files\RenderCore\VCT\iso">
      <UniqueIdentifier>{b2c3d4e5-f6a7-8901-bcde-f12345678901}</UniqueIdentifier>
    </Filter>
    <Filter Include="Source Files\RenderCore\VCT\aniso">
      <UniqueIdentifier>{d4e5f6a7-b8c9-0123-defg-456789012345}</UniqueIdentifier>
    </Filter>
    <Filter Include="Source Files\Scene\Collection">
      <UniqueIdentifier>{561cc36b-4d25-4b90-98e5-a7051944f4df}</UniqueIdentifier>
    </Filter>
    <Filter Include="Source Files\RenderObject\Grass">
      <UniqueIdentifier>{a4a60f79-6988-4444-9620-75573498a7dc}</UniqueIdentifier>
    </Filter>
  </ItemGroup>
  <ItemGroup>
    <ClCompile Include="source\App\TargetWindow.cpp">
      <Filter>Source Files\App</Filter>
    </ClCompile>
    <ClCompile Include="source\Resources\Material\Material.cpp">
      <Filter>Source Files\Resources\Material</Filter>
    </ClCompile>
    <ClCompile Include="source\Resources\Material\MaterialFileParser.cpp">
      <Filter>Source Files\Resources\Material</Filter>
    </ClCompile>
    <ClCompile Include="source\Resources\Material\MaterialResources.cpp">
      <Filter>Source Files\Resources\Material</Filter>
    </ClCompile>
    <ClCompile Include="source\Resources\Model\VertexBufferModel.cpp">
      <Filter>Source Files\Resources\Model</Filter>
    </ClCompile>
    <ClCompile Include="source\Resources\Model\ModelResources.cpp">
      <Filter>Source Files\Resources\Model</Filter>
    </ClCompile>
    <ClCompile Include="source\Resources\Model\OgreMeshFileParser.cpp">
      <Filter>Source Files\Resources\Model</Filter>
    </ClCompile>
    <ClCompile Include="source\Resources\Shader\ShaderCompiler.cpp">
      <Filter>Source Files\Resources\Shader</Filter>
    </ClCompile>
    <ClCompile Include="source\Resources\Shader\ShaderFileParser.cpp">
      <Filter>Source Files\Resources\Shader</Filter>
    </ClCompile>
    <ClCompile Include="source\Resources\Shader\ShaderLibrary.cpp">
      <Filter>Source Files\Resources\Shader</Filter>
    </ClCompile>
    <ClCompile Include="source\Resources\DescriptorManager.cpp">
      <Filter>Source Files\Resources</Filter>
    </ClCompile>
    <ClCompile Include="source\Scene\Camera.cpp">
      <Filter>Source Files\Scene</Filter>
    </ClCompile>
    <ClCompile Include="source\Scene\SceneEntity.cpp">
      <Filter>Source Files\Scene</Filter>
    </ClCompile>
    <ClCompile Include="source\Utils\ConfigParser.cpp">
      <Filter>Source Files\Utils</Filter>
    </ClCompile>
    <ClCompile Include="source\Scene\SceneManager.cpp">
      <Filter>Source Files\Scene</Filter>
    </ClCompile>
    <ClCompile Include="source\Scene\RenderObject.cpp">
      <Filter>Source Files\Scene</Filter>
    </ClCompile>
    <ClCompile Include="..\dependencies\imgui\imgui.cpp">
      <Filter>Source Files\imgui</Filter>
    </ClCompile>
    <ClCompile Include="..\dependencies\imgui\imgui_draw.cpp">
      <Filter>Source Files\imgui</Filter>
    </ClCompile>
    <ClCompile Include="..\dependencies\imgui\imgui_tables.cpp">
      <Filter>Source Files\imgui</Filter>
    </ClCompile>
    <ClCompile Include="..\dependencies\imgui\imgui_widgets.cpp">
      <Filter>Source Files\imgui</Filter>
    </ClCompile>
    <ClCompile Include="..\dependencies\imgui\backends\imgui_impl_dx12.cpp">
      <Filter>Source Files\imgui\backend</Filter>
    </ClCompile>
    <ClCompile Include="..\dependencies\imgui\backends\imgui_impl_win32.cpp">
      <Filter>Source Files\imgui\backend</Filter>
    </ClCompile>
    <ClCompile Include="source\App\DebugWindow.cpp">
      <Filter>Source Files\App</Filter>
    </ClCompile>
    <ClCompile Include="source\FrameCompositor\FrameCompositor.cpp">
      <Filter>Source Files\FrameCompositor</Filter>
    </ClCompile>
    <ClCompile Include="source\FrameCompositor\CompositorFileParser.cpp">
      <Filter>Source Files\FrameCompositor</Filter>
    </ClCompile>
    <ClCompile Include="source\Scene\RenderQueue.cpp">
      <Filter>Source Files\Scene</Filter>
    </ClCompile>
    <ClCompile Include="source\Resources\Shader\ShaderDataBuffers.cpp">
      <Filter>Source Files\Resources\Shader</Filter>
    </ClCompile>
    <ClCompile Include="source\Scene\EntityInstancing.cpp">
      <Filter>Source Files\Scene</Filter>
    </ClCompile>
    <ClCompile Include="source\FrameCompositor\FrameCompositorTaskBuild.cpp">
      <Filter>Source Files\FrameCompositor</Filter>
    </ClCompile>
    <ClCompile Include="source\Resources\Model\BinaryModelLoader.cpp">
      <Filter>Source Files\Resources\Model</Filter>
    </ClCompile>
    <ClCompile Include="source\Resources\Model\BinaryModelSerialization.cpp">
      <Filter>Source Files\Resources\Model</Filter>
    </ClCompile>
    <ClCompile Include="source\Resources\Shader\ShaderSignature.cpp">
      <Filter>Source Files\Resources\Shader</Filter>
    </ClCompile>
    <ClCompile Include="source\Resources\Compute\ComputeShader.cpp">
      <Filter>Source Files\Resources\Compute</Filter>
    </ClCompile>
    <ClCompile Include="source\Resources\Compute\GenerateMipsComputeShader.cpp">
      <Filter>Source Files\Resources\Compute</Filter>
    </ClCompile>
    <ClCompile Include="source\Scene\EntityGeometry.cpp">
      <Filter>Source Files\Scene</Filter>
    </ClCompile>
    <ClCompile Include="source\Resources\Shader\ShaderConstantsProvider.cpp">
      <Filter>Source Files\Resources\Shader</Filter>
    </ClCompile>
    <ClCompile Include="source\FrameCompositor\Tasks\DebugOverlayTask.cpp">
      <Filter>Source Files\FrameCompositor\Tasks</Filter>
    </ClCompile>
    <ClCompile Include="source\FrameCompositor\Tasks\SceneRenderTask.cpp">
      <Filter>Source Files\FrameCompositor\Tasks</Filter>
    </ClCompile>
    <ClCompile Include="source\FrameCompositor\Tasks\ShadowsRenderTask.cpp">
      <Filter>Source Files\FrameCompositor\Tasks</Filter>
    </ClCompile>
    <ClCompile Include="source\FrameCompositor\Tasks\VoxelizeSceneTask.cpp">
      <Filter>Source Files\FrameCompositor\Tasks</Filter>
    </ClCompile>
    <ClCompile Include="source\RenderCore\VCT\iso\IsoVoxelCascade.cpp">
      <Filter>Source Files\RenderCore\VCT\iso</Filter>
    </ClCompile>
    <ClCompile Include="source\RenderCore\VCT\iso\IsoVoxelization.cpp">
      <Filter>Source Files\RenderCore\VCT\iso</Filter>
    </ClCompile>
    <ClCompile Include="source\RenderCore\VCT\aniso\AnisoVoxelCascade.cpp">
      <Filter>Source Files\RenderCore\VCT\aniso</Filter>
    </ClCompile>
    <ClCompile Include="source\RenderCore\VCT\aniso\AnisoVoxelization.cpp">
      <Filter>Source Files\RenderCore\VCT\aniso</Filter>
    </ClCompile>
    <ClCompile Include="source\FrameCompositor\Tasks\SceneTestTask.cpp">
      <Filter>Source Files\FrameCompositor\Tasks</Filter>
    </ClCompile>
    <ClCompile Include="source\Utils\MathUtils.cpp">
      <Filter>Source Files\Utils</Filter>
    </ClCompile>
    <ClCompile Include="source\FrameCompositor\Tasks\ImguiDebugWindowTask.cpp">
      <Filter>Source Files\FrameCompositor\Tasks</Filter>
    </ClCompile>
    <ClCompile Include="source\FrameCompositor\Tasks\SsaoComputeTask.cpp">
      <Filter>Source Files\FrameCompositor\Tasks</Filter>
    </ClCompile>
    <ClCompile Include="source\Resources\Compute\AoPrepareDepthBuffersCS.cpp">
      <Filter>Source Files\Resources\Compute</Filter>
    </ClCompile>
    <ClCompile Include="source\Resources\Compute\AoRenderCS.cpp">
      <Filter>Source Files\Resources\Compute</Filter>
    </ClCompile>
    <ClCompile Include="source\Resources\Compute\AoBlurAndUpsampleCS.cpp">
      <Filter>Source Files\Resources\Compute</Filter>
    </ClCompile>
    <ClCompile Include="source\FrameCompositor\Tasks\UpscaleTask.cpp">
      <Filter>Source Files\FrameCompositor\Tasks</Filter>
    </ClCompile>
    <ClCompile Include="source\FrameCompositor\Tasks\DownsampleTask.cpp">
      <Filter>Source Files\FrameCompositor\Tasks</Filter>
    </ClCompile>
    <ClCompile Include="source\Resources\GraphicsResources.cpp">
      <Filter>Source Files\Resources</Filter>
    </ClCompile>
    <ClCompile Include="source\Utils\StringUtils.cpp">
      <Filter>Source Files\Utils</Filter>
    </ClCompile>
    <ClCompile Include="source\Editor\EntityPicker.cpp">
      <Filter>Source Files\Editor</Filter>
    </ClCompile>
    <ClCompile Include="source\Scene\ObjectId.cpp">
      <Filter>Source Files\Scene</Filter>
    </ClCompile>
    <ClCompile Include="source\Scene\SceneSkybox.cpp">
      <Filter>Source Files\Scene</Filter>
    </ClCompile>
    <ClCompile Include="source\Resources\Textures\TextureResources.cpp">
      <Filter>Source Files\Resources\Textures</Filter>
    </ClCompile>
    <ClCompile Include="source\Scene\DrawPrimitives.cpp">
      <Filter>Source Files\Scene</Filter>
    </ClCompile>
    <ClCompile Include="source\Resources\Compute\ClearBufferCS.cpp">
      <Filter>Source Files\Resources\Compute</Filter>
    </ClCompile>
    <ClCompile Include="source\Resources\Compute\TerrainGenerationCS.cpp">
      <Filter>Source Files\Resources\Compute</Filter>
    </ClCompile>
    <ClCompile Include="source\FrameCompositor\Tasks\PrepareFrameTask.cpp">
      <Filter>Source Files\FrameCompositor\Tasks</Filter>
    </ClCompile>
    <ClCompile Include="source\RenderObject\Vegetation\Vegetation.cpp">
      <Filter>Source Files\RenderObject\Vegetation</Filter>
    </ClCompile>
    <ClCompile Include="source\RenderObject\Vegetation\VegetationTrees.cpp">
      <Filter>Source Files\RenderObject\Vegetation</Filter>
    </ClCompile>
    <ClCompile Include="source\Utils\SystemUtils.cpp">
      <Filter>Source Files\Utils</Filter>
    </ClCompile>
    <ClCompile Include="source\Resources\Shader\ShaderDefines.cpp">
      <Filter>Source Files\Resources\Shader</Filter>
    </ClCompile>
    <ClCompile Include="source\Resources\Compute\WaterSimCS.cpp">
      <Filter>Source Files\Resources\Compute</Filter>
    </ClCompile>
    <ClCompile Include="source\RenderObject\WaterSim\WaterSim.cpp">
      <Filter>Source Files\RenderObject\WaterSim</Filter>
    </ClCompile>
    <ClCompile Include="source\RenderObject\Sky\SkyRendering.cpp">
      <Filter>Source Files\RenderObject\Sky</Filter>
    </ClCompile>
    <ClCompile Include="source\Resources\Compute\TextureToMeshCS.cpp">
      <Filter>Source Files\Resources\Compute</Filter>
    </ClCompile>
    <ClCompile Include="source\Resources\Compute\CopyTexturesCS.cpp">
      <Filter>Source Files\Resources\Compute</Filter>
    </ClCompile>
    <ClCompile Include="source\Resources\Shader\ShaderType.cpp">
      <Filter>Source Files\Resources\Shader</Filter>
    </ClCompile>
    <ClCompile Include="source\RenderObject\Terrain\ProgressiveTerrain.cpp">
      <Filter>Source Files\RenderObject\Terrain</Filter>
    </ClCompile>
    <ClCompile Include="source\Resources\Model\GltfLoader.cpp">
      <Filter>Source Files\Resources\Model</Filter>
    </ClCompile>
    <ClCompile Include="source\Scene\SceneGraph.cpp">
      <Filter>Source Files\Scene</Filter>
    </ClCompile>
    <ClCompile Include="source\RenderObject\Prefab\PrefabLoader.cpp">
      <Filter>Source Files\RenderObject\Prefab</Filter>
    </ClCompile>
    <ClCompile Include="source\RenderCore\CascadedShadowMaps.cpp">
      <Filter>Source Files\RenderCore</Filter>
    </ClCompile>
    <ClCompile Include="source\RenderCore\DLSS.cpp">
      <Filter>Source Files\RenderCore</Filter>
    </ClCompile>
    <ClCompile Include="source\RenderCore\FSR.cpp">
      <Filter>Source Files\RenderCore</Filter>
    </ClCompile>
    <ClCompile Include="source\RenderCore\GpuTexture.cpp">
      <Filter>Source Files\RenderCore</Filter>
    </ClCompile>
    <ClCompile Include="source\RenderCore\GpuTextureReadback.cpp">
      <Filter>Source Files\RenderCore</Filter>
    </ClCompile>
    <ClCompile Include="source\RenderCore\MeshUtils.cpp">
      <Filter>Source Files\RenderCore</Filter>
    </ClCompile>
    <ClCompile Include="source\RenderCore\RenderSystem.cpp">
      <Filter>Source Files\RenderCore</Filter>
    </ClCompile>
    <ClCompile Include="source\RenderCore\RenderTargetHeap.cpp">
      <Filter>Source Files\RenderCore</Filter>
    </ClCompile>
    <ClCompile Include="source\RenderCore\ScreenQuad.cpp">
      <Filter>Source Files\RenderCore</Filter>
    </ClCompile>
    <ClCompile Include="source\RenderCore\ShadowMaps.cpp">
      <Filter>Source Files\RenderCore</Filter>
    </ClCompile>
    <ClCompile Include="source\RenderCore\TextureData.cpp">
      <Filter>Source Files\RenderCore</Filter>
    </ClCompile>
    <ClCompile Include="source\RenderCore\TextureUtils.cpp">
      <Filter>Source Files\RenderCore</Filter>
    </ClCompile>
    <ClCompile Include="source\RenderCore\Upscaling.cpp">
      <Filter>Source Files\RenderCore</Filter>
    </ClCompile>
    <ClCompile Include="source\Scene\Collection\SceneCollection.cpp">
      <Filter>Source Files\Scene\Collection</Filter>
    </ClCompile>
    <ClCompile Include="source\Scene\Collection\SceneSnapshot.cpp">
      <Filter>Source Files\Scene\Collection</Filter>
    </ClCompile>
    <ClCompile Include="source\Scene\Collection\SceneSnapshotLoader.cpp">
      <Filter>Source Files\Scene\Collection</Filter>
    </ClCompile>
    <ClCompile Include="source\RenderObject\Grass\Grass.cpp">
      <Filter>Source Files\RenderObject\Grass</Filter>
    </ClCompile>
  </ItemGroup>
  <ItemGroup>
    <ClInclude Include="source\App\TargetWindow.h">
      <Filter>Source Files\App</Filter>
    </ClInclude>
    <ClInclude Include="source\App\Directories.h">
      <Filter>Source Files\App</Filter>
    </ClInclude>
    <ClInclude Include="source\Resources\Material\Material.h">
      <Filter>Source Files\Resources\Material</Filter>
    </ClInclude>
    <ClInclude Include="source\Resources\Material\MaterialFileParser.h">
      <Filter>Source Files\Resources\Material</Filter>
    </ClInclude>
    <ClInclude Include="source\Resources\Material\MaterialResources.h">
      <Filter>Source Files\Resources\Material</Filter>
    </ClInclude>
    <ClInclude Include="source\Resources\Model\VertexBufferModel.h">
      <Filter>Source Files\Resources\Model</Filter>
    </ClInclude>
    <ClInclude Include="source\Resources\Model\ModelResources.h">
      <Filter>Source Files\Resources\Model</Filter>
    </ClInclude>
    <ClInclude Include="source\Resources\Model\OgreMeshFileParser.h">
      <Filter>Source Files\Resources\Model</Filter>
    </ClInclude>
    <ClInclude Include="source\Resources\Shader\ShaderCompiler.h">
      <Filter>Source Files\Resources\Shader</Filter>
    </ClInclude>
    <ClInclude Include="source\Resources\Shader\ShaderFileParser.h">
      <Filter>Source Files\Resources\Shader</Filter>
    </ClInclude>
    <ClInclude Include="source\Resources\Shader\ShaderLibrary.h">
      <Filter>Source Files\Resources\Shader</Filter>
    </ClInclude>
    <ClInclude Include="source\Resources\DescriptorManager.h">
      <Filter>Source Files\Resources</Filter>
    </ClInclude>
    <ClInclude Include="source\Scene\Camera.h">
      <Filter>Source Files\Scene</Filter>
    </ClInclude>
    <ClInclude Include="source\Scene\SceneEntity.h">
      <Filter>Source Files\Scene</Filter>
    </ClInclude>
    <ClInclude Include="source\Scene\SceneManager.h">
      <Filter>Source Files\Scene</Filter>
    </ClInclude>
    <ClInclude Include="source\Utils\Logger.h">
      <Filter>Source Files\Utils</Filter>
    </ClInclude>
    <ClInclude Include="source\Utils\ConfigParser.h">
      <Filter>Source Files\Utils</Filter>
    </ClInclude>
    <ClInclude Include="source\Utils\Directx.h">
      <Filter>Source Files\Utils</Filter>
    </ClInclude>
    <ClInclude Include="source\Utils\MathUtils.h">
      <Filter>Source Files\Utils</Filter>
    </ClInclude>
    <ClInclude Include="source\Scene\RenderObject.h">
      <Filter>Source Files\Scene</Filter>
    </ClInclude>
    <ClInclude Include="source\Scene\SceneLights.h">
      <Filter>Source Files\Scene</Filter>
    </ClInclude>
    <ClInclude Include="..\dependencies\imgui\imgui.h">
      <Filter>Source Files\imgui</Filter>
    </ClInclude>
    <ClInclude Include="..\dependencies\imgui\backends\imgui_impl_dx12.h">
      <Filter>Source Files\imgui\backend</Filter>
    </ClInclude>
    <ClInclude Include="..\dependencies\imgui\backends\imgui_impl_win32.h">
      <Filter>Source Files\imgui\backend</Filter>
    </ClInclude>
    <ClInclude Include="source\App\DebugWindow.h">
      <Filter>Source Files\App</Filter>
    </ClInclude>
    <ClInclude Include="source\FrameCompositor\FrameCompositor.h">
      <Filter>Source Files\FrameCompositor</Filter>
    </ClInclude>
    <ClInclude Include="source\FrameCompositor\CompositorFileParser.h">
      <Filter>Source Files\FrameCompositor</Filter>
    </ClInclude>
    <ClInclude Include="source\FrameCompositor\RenderContext.h">
      <Filter>Source Files\FrameCompositor</Filter>
    </ClInclude>
    <ClInclude Include="source\Scene\RenderQueue.h">
      <Filter>Source Files\Scene</Filter>
    </ClInclude>
    <ClInclude Include="source\Resources\Shader\ShaderDataBuffers.h">
      <Filter>Source Files\Resources\Shader</Filter>
    </ClInclude>
    <ClInclude Include="source\Scene\EntityInstancing.h">
      <Filter>Source Files\Scene</Filter>
    </ClInclude>
    <ClInclude Include="source\Resources\Model\BinaryModelLoader.h">
      <Filter>Source Files\Resources\Model</Filter>
    </ClInclude>
    <ClInclude Include="source\Resources\Model\BinaryModelSerialization.h">
      <Filter>Source Files\Resources\Model</Filter>
    </ClInclude>
    <ClInclude Include="source\Resources\Model\ModelParseOptions.h">
      <Filter>Source Files\Resources\Model</Filter>
    </ClInclude>
    <ClInclude Include="source\Resources\Shader\ShaderResources.h">
      <Filter>Source Files\Resources\Shader</Filter>
    </ClInclude>
    <ClInclude Include="source\Resources\Shader\ShaderSignature.h">
      <Filter>Source Files\Resources\Shader</Filter>
    </ClInclude>
    <ClInclude Include="source\Resources\Shader\ShaderConstantsProvider.h">
      <Filter>Source Files\Resources\Shader</Filter>
    </ClInclude>
    <ClInclude Include="source\Resources\Compute\GenerateMipsComputeShader.h">
      <Filter>Source Files\Resources\Compute</Filter>
    </ClInclude>
    <ClInclude Include="source\Resources\Compute\ComputeShader.h">
      <Filter>Source Files\Resources\Compute</Filter>
    </ClInclude>
    <ClInclude Include="source\Scene\EntityGeometry.h">
      <Filter>Source Files\Scene</Filter>
    </ClInclude>
    <ClInclude Include="source\FrameCompositor\Tasks\DebugOverlayTask.h">
      <Filter>Source Files\FrameCompositor\Tasks</Filter>
    </ClInclude>
    <ClInclude Include="source\FrameCompositor\Tasks\SceneRenderTask.h">
      <Filter>Source Files\FrameCompositor\Tasks</Filter>
    </ClInclude>
    <ClInclude Include="source\FrameCompositor\Tasks\ShadowsRenderTask.h">
      <Filter>Source Files\FrameCompositor\Tasks</Filter>
    </ClInclude>
    <ClInclude Include="source\FrameCompositor\Tasks\VoxelizeSceneTask.h">
      <Filter>Source Files\FrameCompositor\Tasks</Filter>
    </ClInclude>
    <ClInclude Include="source\RenderCore\VCT\iso\IsoVoxelCascade.h">
      <Filter>Source Files\RenderCore\VCT\iso</Filter>
    </ClInclude>
    <ClInclude Include="source\RenderCore\VCT\iso\IsoVoxelization.h">
      <Filter>Source Files\RenderCore\VCT\iso</Filter>
    </ClInclude>
    <ClInclude Include="source\RenderCore\VCT\aniso\AnisoVoxelCascade.h">
      <Filter>Source Files\RenderCore\VCT\aniso</Filter>
    </ClInclude>
    <ClInclude Include="source\RenderCore\VCT\aniso\AnisoVoxelization.h">
      <Filter>Source Files\RenderCore\VCT\aniso</Filter>
    </ClInclude>
    <ClInclude Include="source\FrameCompositor\Tasks\SceneTestTask.h">
      <Filter>Source Files\FrameCompositor\Tasks</Filter>
    </ClInclude>
    <ClInclude Include="source\FrameCompositor\Tasks\CompositorTask.h">
      <Filter>Source Files\FrameCompositor\Tasks</Filter>
    </ClInclude>
    <ClInclude Include="source\FrameCompositor\Tasks\ImguiDebugWindowTask.h">
      <Filter>Source Files\FrameCompositor\Tasks</Filter>
    </ClInclude>
    <ClInclude Include="source\FrameCompositor\Tasks\SsaoComputeTask.h">
      <Filter>Source Files\FrameCompositor\Tasks</Filter>
    </ClInclude>
    <ClInclude Include="source\Resources\Compute\AoPrepareDepthBuffersCS.h">
      <Filter>Source Files\Resources\Compute</Filter>
    </ClInclude>
    <ClInclude Include="source\Resources\Compute\AoRenderCS.h">
      <Filter>Source Files\Resources\Compute</Filter>
    </ClInclude>
    <ClInclude Include="source\Resources\Compute\AoBlurAndUpsampleCS.h">
      <Filter>Source Files\Resources\Compute</Filter>
    </ClInclude>
    <ClInclude Include="source\FrameCompositor\Tasks\UpscaleTask.h">
      <Filter>Source Files\FrameCompositor\Tasks</Filter>
    </ClInclude>
    <ClInclude Include="source\FrameCompositor\Tasks\DownsampleTask.h">
      <Filter>Source Files\FrameCompositor\Tasks</Filter>
    </ClInclude>
    <ClInclude Include="source\Resources\GraphicsResources.h">
      <Filter>Source Files\Resources</Filter>
    </ClInclude>
    <ClInclude Include="source\Utils\StringUtils.h">
      <Filter>Source Files\Utils</Filter>
    </ClInclude>
    <ClInclude Include="source\Editor\EntityPicker.h">
      <Filter>Source Files\Editor</Filter>
    </ClInclude>
    <ClInclude Include="source\Scene\ObjectId.h">
      <Filter>Source Files\Scene</Filter>
    </ClInclude>
    <ClInclude Include="source\Scene\SceneSkybox.h">
      <Filter>Source Files\Scene</Filter>
    </ClInclude>
    <ClInclude Include="source\Resources\Textures\TextureResources.h">
      <Filter>Source Files\Resources\Textures</Filter>
    </ClInclude>
    <ClInclude Include="source\Scene\DrawPrimitives.h">
      <Filter>Source Files\Scene</Filter>
    </ClInclude>
    <ClInclude Include="source\Resources\Compute\ClearBufferCS.h">
      <Filter>Source Files\Resources\Compute</Filter>
    </ClInclude>
    <ClInclude Include="source\Resources\Compute\TerrainGenerationCS.h">
      <Filter>Source Files\Resources\Compute</Filter>
    </ClInclude>
    <ClInclude Include="source\FrameCompositor\Tasks\PrepareFrameTask.h">
      <Filter>Source Files\FrameCompositor\Tasks</Filter>
    </ClInclude>
    <ClInclude Include="source\RenderObject\Vegetation\Vegetation.h">
      <Filter>Source Files\RenderObject\Vegetation</Filter>
    </ClInclude>
    <ClInclude Include="source\RenderObject\Vegetation\VegetationTrees.h">
      <Filter>Source Files\RenderObject\Vegetation</Filter>
    </ClInclude>
    <ClInclude Include="source\Utils\SystemUtils.h">
      <Filter>Source Files\Utils</Filter>
    </ClInclude>
    <ClInclude Include="source\Resources\Shader\ShaderDefines.h">
      <Filter>Source Files\Resources\Shader</Filter>
    </ClInclude>
    <ClInclude Include="source\Resources\Compute\WaterSimCS.h">
      <Filter>Source Files\Resources\Compute</Filter>
    </ClInclude>
    <ClInclude Include="source\RenderObject\WaterSim\WaterSim.h">
      <Filter>Source Files\RenderObject\WaterSim</Filter>
    </ClInclude>
    <ClInclude Include="source\RenderObject\Sky\SkyRendering.h">
      <Filter>Source Files\RenderObject\Sky</Filter>
    </ClInclude>
    <ClInclude Include="source\Resources\Compute\TextureToMeshCS.h">
      <Filter>Source Files\Resources\Compute</Filter>
    </ClInclude>
    <ClInclude Include="source\Resources\Compute\CopyTexturesCS.h">
      <Filter>Source Files\Resources\Compute</Filter>
    </ClInclude>
    <ClInclude Include="source\Resources\ResourcesView.h">
      <Filter>Source Files\Resources</Filter>
    </ClInclude>
    <ClInclude Include="source\Resources\Shader\ShaderType.h">
      <Filter>Source Files\Resources\Shader</Filter>
    </ClInclude>
    <ClInclude Include="source\RenderObject\Terrain\ProgressiveTerrain.h">
      <Filter>Source Files\RenderObject\Terrain</Filter>
    </ClInclude>
    <ClInclude Include="source\RenderObject\Terrain\GridMesh.h">
      <Filter>Source Files\RenderObject\Terrain</Filter>
    </ClInclude>
    <ClInclude Include="source\Resources\Model\GltfLoader.h">
      <Filter>Source Files\Resources\Model</Filter>
    </ClInclude>
    <ClInclude Include="source\Scene\SceneGraph.h">
      <Filter>Source Files\Scene</Filter>
    </ClInclude>
    <ClInclude Include="source\RenderObject\Prefab\PrefabLoader.h">
      <Filter>Source Files\RenderObject\Prefab</Filter>
    </ClInclude>
    <ClInclude Include="source\RenderCore\CascadedShadowMaps.h">
      <Filter>Source Files\RenderCore</Filter>
    </ClInclude>
    <ClInclude Include="source\RenderCore\DLSS.h">
      <Filter>Source Files\RenderCore</Filter>
    </ClInclude>
    <ClInclude Include="source\RenderCore\FSR.h">
      <Filter>Source Files\RenderCore</Filter>
    </ClInclude>
    <ClInclude Include="source\RenderCore\GpuTexture.h">
      <Filter>Source Files\RenderCore</Filter>
    </ClInclude>
    <ClInclude Include="source\RenderCore\GpuTextureReadback.h">
      <Filter>Source Files\RenderCore</Filter>
    </ClInclude>
    <ClInclude Include="source\RenderCore\MeshUtils.h">
      <Filter>Source Files\RenderCore</Filter>
    </ClInclude>
    <ClInclude Include="source\RenderCore\PixColor.h">
      <Filter>Source Files\RenderCore</Filter>
    </ClInclude>
    <ClInclude Include="source\RenderCore\RenderSystem.h">
      <Filter>Source Files\RenderCore</Filter>
    </ClInclude>
    <ClInclude Include="source\RenderCore\RenderTargetHeap.h">
      <Filter>Source Files\RenderCore</Filter>
    </ClInclude>
    <ClInclude Include="source\RenderCore\ScreenQuad.h">
      <Filter>Source Files\RenderCore</Filter>
    </ClInclude>
    <ClInclude Include="source\RenderCore\ShadowMaps.h">
      <Filter>Source Files\RenderCore</Filter>
    </ClInclude>
    <ClInclude Include="source\RenderCore\TextureData.h">
      <Filter>Source Files\RenderCore</Filter>
    </ClInclude>
    <ClInclude Include="source\RenderCore\TextureUtils.h">
      <Filter>Source Files\RenderCore</Filter>
    </ClInclude>
    <ClInclude Include="source\RenderCore\UpscaleTypes.h">
      <Filter>Source Files\RenderCore</Filter>
    </ClInclude>
    <ClInclude Include="source\RenderCore\Upscaling.h">
      <Filter>Source Files\RenderCore</Filter>
    </ClInclude>
    <ClInclude Include="source\Scene\Collection\SceneCollection.h">
      <Filter>Source Files\Scene\Collection</Filter>
    </ClInclude>
    <ClInclude Include="source\Scene\Collection\SceneSnapshot.h">
      <Filter>Source Files\Scene\Collection</Filter>
    </ClInclude>
    <ClInclude Include="source\Scene\Collection\SceneSnapshotLoader.h">
      <Filter>Source Files\Scene\Collection</Filter>
    </ClInclude>
    <ClInclude Include="source\RenderObject\Grass\Grass.h">
      <Filter>Source Files\RenderObject\Grass</Filter>
    </ClInclude>
  </ItemGroup>
  <ItemGroup>
    <None Include="packages.config" />
  </ItemGroup>
</Project>